
Microsoft Visual Studio Solution File, Format Version 12.00
# Visual Studio 2012
Project("{FAE04EC0-301F-11D3-BF4B-00C04F79EFBC}") = "RoyalCotillion", "RoyalCotillion\RoyalCotillion.csproj", "{2223ECC4-4423-4682-A9A2-EA1315D6AE79}"
	ProjectSection(ProjectDependencies) = postProject
		{FC47F561-0741-4A25-B8DD-6A39FA1908A8} = {FC47F561-0741-4A25-B8DD-6A39FA1908A8}
	EndProjectSection
EndProject
Project("{FAE04EC0-301F-11D3-BF4B-00C04F79EFBC}") = "Lib", "Lib\Lib.csproj", "{FC47F561-0741-4A25-B8DD-6A39FA1908A8}"
EndProject
Global
	GlobalSection(SolutionConfigurationPlatforms) = preSolution
		Debug|Any CPU = Debug|Any CPU
		Release|Any CPU = Release|Any CPU
	EndGlobalSection
	GlobalSection(ProjectConfigurationPlatforms) = postSolution
		{2223ECC4-4423-4682-A9A2-EA1315D6AE79}.Debug|Any CPU.ActiveCfg = Debug|Any CPU
		{2223ECC4-4423-4682-A9A2-EA1315D6AE79}.Debug|Any CPU.Build.0 = Debug|Any CPU
		{2223ECC4-4423-4682-A9A2-EA1315D6AE79}.Release|Any CPU.ActiveCfg = Release|Any CPU
		{2223ECC4-4423-4682-A9A2-EA1315D6AE79}.Release|Any CPU.Build.0 = Release|Any CPU
		{FC47F561-0741-4A25-B8DD-6A39FA1908A8}.Debug|Any CPU.ActiveCfg = Debug|Any CPU
		{FC47F561-0741-4A25-B8DD-6A39FA1908A8}.Debug|Any CPU.Build.0 = Debug|Any CPU
		{FC47F561-0741-4A25-B8DD-6A39FA1908A8}.Release|Any CPU.ActiveCfg = Release|Any CPU
		{FC47F561-0741-4A25-B8DD-6A39FA1908A8}.Release|Any CPU.Build.0 = Release|Any CPU
	EndGlobalSection
	GlobalSection(SolutionProperties) = preSolution
		HideSolutionNode = FALSE
	EndGlobalSection
EndGlobal
