
Microsoft Visual Studio Solution File, Format Version 12.00
# Visual Studio 2012
Project("{FAE04EC0-301F-11D3-BF4B-00C04F79EFBC}") = "WcfService1", "WcfService1\WcfService1.csproj", "{4CD404BC-4589-420A-AA31-D00F3280199B}"
EndProject
Project("{FAE04EC0-301F-11D3-BF4B-00C04F79EFBC}") = "WpfApplication1", "WpfApplication1\WpfApplication1.csproj", "{89847387-E721-43B4-8B2E-FC911EE39B79}"
	ProjectSection(ProjectDependencies) = postProject
		{4CD404BC-4589-420A-AA31-D00F3280199B} = {4CD404BC-4589-420A-AA31-D00F3280199B}
	EndProjectSection
EndProject
Global
	GlobalSection(SolutionConfigurationPlatforms) = preSolution
		Debug|Any CPU = Debug|Any CPU
		Release|Any CPU = Release|Any CPU
	EndGlobalSection
	GlobalSection(ProjectConfigurationPlatforms) = postSolution
		{4CD404BC-4589-420A-AA31-D00F3280199B}.Debug|Any CPU.ActiveCfg = Debug|Any CPU
		{4CD404BC-4589-420A-AA31-D00F3280199B}.Debug|Any CPU.Build.0 = Debug|Any CPU
		{4CD404BC-4589-420A-AA31-D00F3280199B}.Release|Any CPU.ActiveCfg = Release|Any CPU
		{4CD404BC-4589-420A-AA31-D00F3280199B}.Release|Any CPU.Build.0 = Release|Any CPU
		{89847387-E721-43B4-8B2E-FC911EE39B79}.Debug|Any CPU.ActiveCfg = Debug|Any CPU
		{89847387-E721-43B4-8B2E-FC911EE39B79}.Debug|Any CPU.Build.0 = Debug|Any CPU
		{89847387-E721-43B4-8B2E-FC911EE39B79}.Release|Any CPU.ActiveCfg = Release|Any CPU
		{89847387-E721-43B4-8B2E-FC911EE39B79}.Release|Any CPU.Build.0 = Release|Any CPU
	EndGlobalSection
	GlobalSection(SolutionProperties) = preSolution
		HideSolutionNode = FALSE
	EndGlobalSection
EndGlobal
