
Microsoft Visual Studio Solution File, Format Version 11.00
# Visual C++ Express 2010
Project("{8BC9CEB8-8B4A-11D0-8D11-00A0C91BC942}") = "Final_Des_1", "Final_Des_1\Final_Des_1.vcxproj", "{182B7F57-3661-4F48-87BA-FB35F0B348B1}"
EndProject
Global
	GlobalSection(SolutionConfigurationPlatforms) = preSolution
		Debug|Win32 = Debug|Win32
		Release|Win32 = Release|Win32
	EndGlobalSection
	GlobalSection(ProjectConfigurationPlatforms) = postSolution
		{182B7F57-3661-4F48-87BA-FB35F0B348B1}.Debug|Win32.ActiveCfg = Debug|Win32
		{182B7F57-3661-4F48-87BA-FB35F0B348B1}.Debug|Win32.Build.0 = Debug|Win32
		{182B7F57-3661-4F48-87BA-FB35F0B348B1}.Release|Win32.ActiveCfg = Release|Win32
		{182B7F57-3661-4F48-87BA-FB35F0B348B1}.Release|Win32.Build.0 = Release|Win32
	EndGlobalSection
	GlobalSection(SolutionProperties) = preSolution
		HideSolutionNode = FALSE
	EndGlobalSection
EndGlobal
